
Microsoft Visual Studio Solution File, Format Version 12.00
# Visual Studio Express 2013 for Web
VisualStudioVersion = 12.0.20827.3
MinimumVisualStudioVersion = 10.0.40219.1
Project("{FAE04EC0-301F-11D3-BF4B-00C04F79EFBC}") = "SODAMvcApplication", "SODAMvcApplication\SODAMvcApplication.csproj", "{41C75326-4533-41BC-A2A9-2F69334DA874}"
	ProjectSection(ProjectDependencies) = postProject
		{0B9504C7-FE75-43B7-BA4C-2E26EB2A1E71} = {0B9504C7-FE75-43B7-BA4C-2E26EB2A1E71}
	EndProjectSection
EndProject
Project("{FAE04EC0-301F-11D3-BF4B-00C04F79EFBC}") = "SODAwcfService", "..\SODAwcfService\SODAwcfService\SODAwcfService.csproj", "{0B9504C7-FE75-43B7-BA4C-2E26EB2A1E71}"
EndProject
Project("{FAE04EC0-301F-11D3-BF4B-00C04F79EFBC}") = "SODAPortalMvcApplication", "SODAPortalMvcApplication\SODAPortalMvcApplication.csproj", "{2092FC9B-48EA-4876-9CAC-B260A5C7C972}"
	ProjectSection(ProjectDependencies) = postProject
		{0B9504C7-FE75-43B7-BA4C-2E26EB2A1E71} = {0B9504C7-FE75-43B7-BA4C-2E26EB2A1E71}
	EndProjectSection
EndProject
Project("{FAE04EC0-301F-11D3-BF4B-00C04F79EFBC}") = "CMSMvcApplication", "..\CMSMvcApplication\CMSMvcApplication\CMSMvcApplication.csproj", "{AF2AC810-65DF-46FE-8393-70B36F34CFEF}"
	ProjectSection(ProjectDependencies) = postProject
		{0B9504C7-FE75-43B7-BA4C-2E26EB2A1E71} = {0B9504C7-FE75-43B7-BA4C-2E26EB2A1E71}
	EndProjectSection
EndProject
Global
	GlobalSection(SolutionConfigurationPlatforms) = preSolution
		Debug|Any CPU = Debug|Any CPU
		Release|Any CPU = Release|Any CPU
	EndGlobalSection
	GlobalSection(ProjectConfigurationPlatforms) = postSolution
		{41C75326-4533-41BC-A2A9-2F69334DA874}.Debug|Any CPU.ActiveCfg = Debug|Any CPU
		{41C75326-4533-41BC-A2A9-2F69334DA874}.Debug|Any CPU.Build.0 = Debug|Any CPU
		{41C75326-4533-41BC-A2A9-2F69334DA874}.Release|Any CPU.ActiveCfg = Release|Any CPU
		{41C75326-4533-41BC-A2A9-2F69334DA874}.Release|Any CPU.Build.0 = Release|Any CPU
		{0B9504C7-FE75-43B7-BA4C-2E26EB2A1E71}.Debug|Any CPU.ActiveCfg = Debug|Any CPU
		{0B9504C7-FE75-43B7-BA4C-2E26EB2A1E71}.Debug|Any CPU.Build.0 = Debug|Any CPU
		{0B9504C7-FE75-43B7-BA4C-2E26EB2A1E71}.Release|Any CPU.ActiveCfg = Release|Any CPU
		{0B9504C7-FE75-43B7-BA4C-2E26EB2A1E71}.Release|Any CPU.Build.0 = Release|Any CPU
		{2092FC9B-48EA-4876-9CAC-B260A5C7C972}.Debug|Any CPU.ActiveCfg = Debug|Any CPU
		{2092FC9B-48EA-4876-9CAC-B260A5C7C972}.Debug|Any CPU.Build.0 = Debug|Any CPU
		{2092FC9B-48EA-4876-9CAC-B260A5C7C972}.Release|Any CPU.ActiveCfg = Release|Any CPU
		{2092FC9B-48EA-4876-9CAC-B260A5C7C972}.Release|Any CPU.Build.0 = Release|Any CPU
		{AF2AC810-65DF-46FE-8393-70B36F34CFEF}.Debug|Any CPU.ActiveCfg = Debug|Any CPU
		{AF2AC810-65DF-46FE-8393-70B36F34CFEF}.Debug|Any CPU.Build.0 = Debug|Any CPU
		{AF2AC810-65DF-46FE-8393-70B36F34CFEF}.Release|Any CPU.ActiveCfg = Release|Any CPU
		{AF2AC810-65DF-46FE-8393-70B36F34CFEF}.Release|Any CPU.Build.0 = Release|Any CPU
	EndGlobalSection
	GlobalSection(SolutionProperties) = preSolution
		HideSolutionNode = FALSE
	EndGlobalSection
EndGlobal
